<?xml version="1.0" encoding="utf-8"?>
<Project ToolsVersion="4.0" xmlns="http://schemas.microsoft.com/developer/msbuild/2003">
  <ItemGroup>
    <ClCompile Include="OpenGL.h" />
    <ClCompile Include="Shader.cpp" />
    <ClCompile Include="ShaderProgram.cpp" />
    <ClCompile Include="Types.cpp" />
    <ClCompile Include="VAO.cpp" />
    <ClCompile Include="VBL.cpp" />
    <ClCompile Include="VBO.cpp" />
    <ClCompile Include="Window.cpp" />
    <ClCompile Include="Error.cpp" />
    <ClCompile Include="IBO.cpp" />
    <ClCompile Include="Object.cpp" />
    <ClCompile Include="Texture.cpp" />
  </ItemGroup>
  <ItemGroup>
    <ClInclude Include="Window.h" />
    <ClInclude Include="Shader.h" />
    <ClInclude Include="ShaderProgram.h" />
    <ClInclude Include="Types.h" />
    <ClInclude Include="VAO.h" />
    <ClInclude Include="VBL.h" />
    <ClInclude Include="VBO.h" />
    <ClInclude Include="Object.h" />
    <ClInclude Include="Error.h" />
    <ClInclude Include="IBindable.h" />
    <ClInclude Include="IBO.h" />
    <ClInclude Include="Texture.h" />
  </ItemGroup>
  <ItemGroup>
    <None Include="ShaderProgram.inl" />
    <None Include="VBL.inl" />
  </ItemGroup>
</Project>